
Microsoft Visual Studio Solution File, Format Version 12.00
# Visual Studio Version 16
VisualStudioVersion = 16.0.29806.167
MinimumVisualStudioVersion = 10.0.40219.1
Project("{9A19103F-16F7-4668-BE54-9A1E7A4F7556}") = "WebApiTemplate", "WebApiTemplate.csproj", "{E5646CBE-2857-4129-B0C3-10A6710C6275}"
EndProject
Global
	GlobalSection(SolutionConfigurationPlatforms) = preSolution
		Debug|Any CPU = Debug|Any CPU
		Release|Any CPU = Release|Any CPU
	EndGlobalSection
	GlobalSection(ProjectConfigurationPlatforms) = postSolution
		{E5646CBE-2857-4129-B0C3-10A6710C6275}.Debug|Any CPU.ActiveCfg = Debug|Any CPU
		{E5646CBE-2857-4129-B0C3-10A6710C6275}.Debug|Any CPU.Build.0 = Debug|Any CPU
		{E5646CBE-2857-4129-B0C3-10A6710C6275}.Release|Any CPU.ActiveCfg = Release|Any CPU
		{E5646CBE-2857-4129-B0C3-10A6710C6275}.Release|Any CPU.Build.0 = Release|Any CPU
	EndGlobalSection
	GlobalSection(SolutionProperties) = preSolution
		HideSolutionNode = FALSE
	EndGlobalSection
	GlobalSection(ExtensibilityGlobals) = postSolution
		SolutionGuid = {506442A8-324C-4375-9E2F-FD9B25BE8860}
	EndGlobalSection
EndGlobal
